
Microsoft Visual Studio Solution File, Format Version 12.00
# Visual Studio Version 17
VisualStudioVersion = 17.7.34031.279
MinimumVisualStudioVersion = 10.0.40219.1
Project("{FAE04EC0-301F-11D3-BF4B-00C04F79EFBC}") = "Pianino", "Pianino.csproj", "{0B1C9B3F-9F45-4704-9967-2C9723AE391B}"
EndProject
Global
	GlobalSection(SolutionConfigurationPlatforms) = preSolution
		Debug|Any CPU = Debug|Any CPU
		Release|Any CPU = Release|Any CPU
	EndGlobalSection
	GlobalSection(ProjectConfigurationPlatforms) = postSolution
		{0B1C9B3F-9F45-4704-9967-2C9723AE391B}.Debug|Any CPU.ActiveCfg = Debug|Any CPU
		{0B1C9B3F-9F45-4704-9967-2C9723AE391B}.Debug|Any CPU.Build.0 = Debug|Any CPU
		{0B1C9B3F-9F45-4704-9967-2C9723AE391B}.Release|Any CPU.ActiveCfg = Release|Any CPU
		{0B1C9B3F-9F45-4704-9967-2C9723AE391B}.Release|Any CPU.Build.0 = Release|Any CPU
	EndGlobalSection
	GlobalSection(SolutionProperties) = preSolution
		HideSolutionNode = FALSE
	EndGlobalSection
	GlobalSection(ExtensibilityGlobals) = postSolution
		SolutionGuid = {6BE02712-166D-40CB-999A-3697025D3F47}
	EndGlobalSection
EndGlobal
